
Microsoft Visual Studio Solution File, Format Version 12.00
Project("{FAE04EC0-301F-11D3-BF4B-00C04F79EFBC}") = "AverageParallelCalc", "AverageParallelCalc\AverageParallelCalc.csproj", "{7FE64FD5-2E3D-4626-8DB5-E57FCB49D4DB}"
EndProject
Global
	GlobalSection(SolutionConfigurationPlatforms) = preSolution
		Debug|Any CPU = Debug|Any CPU
		Release|Any CPU = Release|Any CPU
	EndGlobalSection
	GlobalSection(ProjectConfigurationPlatforms) = postSolution
		{7FE64FD5-2E3D-4626-8DB5-E57FCB49D4DB}.Debug|Any CPU.ActiveCfg = Debug|Any CPU
		{7FE64FD5-2E3D-4626-8DB5-E57FCB49D4DB}.Debug|Any CPU.Build.0 = Debug|Any CPU
		{7FE64FD5-2E3D-4626-8DB5-E57FCB49D4DB}.Release|Any CPU.ActiveCfg = Release|Any CPU
		{7FE64FD5-2E3D-4626-8DB5-E57FCB49D4DB}.Release|Any CPU.Build.0 = Release|Any CPU
	EndGlobalSection
EndGlobal
